<?xml version="1.0" encoding="UTF-8" standalone="yes" ?>
<CodeBlocks_project_file>
	<FileVersion major="1" minor="6" />
	<Project>
		<Option title="Survivor" />
		<Option pch_mode="2" />
		<Option compiler="gcc" />
		<Build>
			<Target title="Debug">
				<Option output="bin/Debug/Survivor" prefix_auto="1" extension_auto="1" />
				<Option object_output="obj/Debug/" />
				<Option type="1" />
				<Option compiler="gcc" />
				<Compiler>
					<Add option="-g" />
				</Compiler>
			</Target>
			<Target title="Release">
				<Option output="bin/Release/GameProjectLTNC" prefix_auto="1" extension_auto="1" />
				<Option object_output="obj/Release/" />
				<Option type="1" />
				<Option compiler="gcc" />
				<Compiler>
					<Add option="-O2" />
				</Compiler>
				<Linker>
					<Add option="-s" />
				</Linker>
			</Target>
		</Build>
		<Compiler>
			<Add option="-Wall" />
			<Add option="-fexceptions" />
		</Compiler>
		<Unit filename="asset/ImgTextLoad/ImgTextLoad.cpp" />
		<Unit filename="asset/ImgTextLoad/ImgTextLoad.hpp" />
		<Unit filename="gameplay/Detail/KillCount.cpp" />
		<Unit filename="gameplay/Detail/KillCount.hpp" />
		<Unit filename="gameplay/Detail/TimeCount.cpp" />
		<Unit filename="gameplay/Detail/TimeCount.hpp" />
		<Unit filename="gameplay/Dmg/Dmg.cpp" />
		<Unit filename="gameplay/Dmg/Dmg.hpp" />
		<Unit filename="gameplay/Game/Game.cpp" />
		<Unit filename="gameplay/Game/Game.hpp" />
		<Unit filename="gameplay/LevelUp/Card/Card.cpp" />
		<Unit filename="gameplay/LevelUp/Card/Card.hpp" />
		<Unit filename="gameplay/LevelUp/PowerUp/PowerUp.cpp" />
		<Unit filename="gameplay/LevelUp/PowerUp/PowerUp.hpp" />
		<Unit filename="gameplay/Opponent/Boss/Boss.cpp" />
		<Unit filename="gameplay/Opponent/Boss/Boss.hpp" />
		<Unit filename="gameplay/Opponent/Enemy/Enemy.cpp" />
		<Unit filename="gameplay/Opponent/Enemy/Enemy.hpp" />
		<Unit filename="gameplay/Opponent/Exp/Exp.cpp" />
		<Unit filename="gameplay/Opponent/Exp/Exp.hpp" />
		<Unit filename="gameplay/Opponent/Wave/Wave.cpp" />
		<Unit filename="gameplay/Opponent/Wave/Wave.hpp" />
		<Unit filename="gameplay/Player/Player.cpp" />
		<Unit filename="gameplay/Player/Player.hpp" />
		<Unit filename="gameplay/Power/FireBall/FireBall.cpp" />
		<Unit filename="gameplay/Power/FireBall/FireBall.hpp" />
		<Unit filename="gameplay/Power/Kameha/Kameha.cpp" />
		<Unit filename="gameplay/Power/Kameha/Kameha.hpp" />
		<Unit filename="gameplay/Power/Orb/Orb.cpp" />
		<Unit filename="gameplay/Power/Orb/Orb.hpp" />
		<Unit filename="gameplay/Power/Zone/Zone.cpp" />
		<Unit filename="gameplay/Power/Zone/Zone.hpp" />
		<Unit filename="menu/MapChoose.cpp" />
		<Unit filename="menu/MapChoose.hpp" />
		<Unit filename="menu/Menu.cpp" />
		<Unit filename="menu/Menu.hpp" />
		<Unit filename="src/Function/BasicFn/BasicFn.cpp" />
		<Unit filename="src/Function/BasicFn/BasicFn.hpp" />
		<Unit filename="src/Function/Func/Func.cpp" />
		<Unit filename="src/Function/Func/Func.hpp" />
		<Unit filename="src/Object/BigObj/BigObj.cpp" />
		<Unit filename="src/Object/BigObj/BigObj.hpp" />
		<Unit filename="src/Object/Button/Button.cpp" />
		<Unit filename="src/Object/Button/Button.hpp" />
		<Unit filename="src/Object/MovingObj/MovingObj.cpp" />
		<Unit filename="src/Object/MovingObj/MovingObj.hpp" />
		<Unit filename="src/Object/Screen/Screen.cpp" />
		<Unit filename="src/Object/Screen/Screen.hpp" />
		<Unit filename="src/Object/TextObj/TextObj.cpp" />
		<Unit filename="src/Object/TextObj/TextObj.hpp" />
		<Unit filename="src/TimeManage/Time.cpp" />
		<Unit filename="src/TimeManage/Time.hpp" />
		<Unit filename="src/main.cpp" />
		<Extensions>
			<lib_finder disable_auto="1" />
		</Extensions>
	</Project>
</CodeBlocks_project_file>
