<?xml version="1.0" encoding="UTF-8" standalone="yes" ?>
<CodeBlocks_project_file>
	<FileVersion major="1" minor="6" />
	<Project>
		<Option title="GameProjectLTNC" />
		<Option pch_mode="2" />
		<Option compiler="gcc" />
		<Build>
			<Target title="Debug">
				<Option output="bin/Debug/GameProjectLTNC" prefix_auto="1" extension_auto="1" />
				<Option object_output="obj/Debug/" />
				<Option type="1" />
				<Option compiler="gcc" />
				<Compiler>
					<Add option="-g" />
				</Compiler>
			</Target>
			<Target title="Release">
				<Option output="bin/Release/GameProjectLTNC" prefix_auto="1" extension_auto="1" />
				<Option object_output="obj/Release/" />
				<Option type="1" />
				<Option compiler="gcc" />
				<Compiler>
					<Add option="-O2" />
				</Compiler>
				<Linker>
					<Add option="-s" />
				</Linker>
			</Target>
		</Build>
		<Compiler>
			<Add option="-Wall" />
			<Add option="-fexceptions" />
		</Compiler>
		<Unit filename="BasicFn.cpp" />
		<Unit filename="BasicFn.hpp" />
		<Unit filename="BigObj.cpp" />
		<Unit filename="BigObj.hpp" />
		<Unit filename="Button.cpp" />
		<Unit filename="Button.hpp" />
		<Unit filename="Card.cpp" />
		<Unit filename="Card.hpp" />
		<Unit filename="Enemy.cpp" />
		<Unit filename="Enemy.hpp" />
		<Unit filename="Exp.cpp" />
		<Unit filename="Exp.hpp" />
		<Unit filename="FireBall.cpp" />
		<Unit filename="FireBall.hpp" />
		<Unit filename="Func.cpp" />
		<Unit filename="Func.hpp" />
		<Unit filename="Game.cpp" />
		<Unit filename="Game.hpp" />
		<Unit filename="ImgTexture.cpp" />
		<Unit filename="ImgTexture.hpp" />
		<Unit filename="Menu.cpp" />
		<Unit filename="Menu.hpp" />
		<Unit filename="MovingObj.cpp" />
		<Unit filename="MovingObj.hpp" />
		<Unit filename="Orb.cpp" />
		<Unit filename="Orb.hpp" />
		<Unit filename="Player.cpp" />
		<Unit filename="Player.hpp" />
		<Unit filename="Screen.cpp" />
		<Unit filename="Screen.hpp" />
		<Unit filename="Time.cpp" />
		<Unit filename="Time.hpp" />
		<Unit filename="Zone.cpp" />
		<Unit filename="Zone.hpp" />
		<Unit filename="main.cpp" />
		<Extensions>
			<lib_finder disable_auto="1" />
		</Extensions>
	</Project>
</CodeBlocks_project_file>
